
Microsoft Visual Studio Solution File, Format Version 12.00
# Visual Studio Version 17
VisualStudioVersion = 17.1.32210.238
MinimumVisualStudioVersion = 10.0.40219.1
Project("{FAE04EC0-301F-11D3-BF4B-00C04F79EFBC}") = "UC-1 CreateLinkList", "UC-1 CreateLinkList.csproj", "{24D5FE55-3F43-461C-9198-21E5EC0FD53F}"
EndProject
Global
	GlobalSection(SolutionConfigurationPlatforms) = preSolution
		Debug|Any CPU = Debug|Any CPU
		Release|Any CPU = Release|Any CPU
	EndGlobalSection
	GlobalSection(ProjectConfigurationPlatforms) = postSolution
		{24D5FE55-3F43-461C-9198-21E5EC0FD53F}.Debug|Any CPU.ActiveCfg = Debug|Any CPU
		{24D5FE55-3F43-461C-9198-21E5EC0FD53F}.Debug|Any CPU.Build.0 = Debug|Any CPU
		{24D5FE55-3F43-461C-9198-21E5EC0FD53F}.Release|Any CPU.ActiveCfg = Release|Any CPU
		{24D5FE55-3F43-461C-9198-21E5EC0FD53F}.Release|Any CPU.Build.0 = Release|Any CPU
	EndGlobalSection
	GlobalSection(SolutionProperties) = preSolution
		HideSolutionNode = FALSE
	EndGlobalSection
	GlobalSection(ExtensibilityGlobals) = postSolution
		SolutionGuid = {BCE452B4-5E23-4C12-8D58-96C65D61B594}
	EndGlobalSection
EndGlobal
